Microsoft Visual Studio Solution File, Format Version 9.00
# Visual Studio 2005
Project("{FAE04EC0-301F-11D3-BF4B-00C04F79EFBC}") = "WindowsApplication1", "WindowsApplication1\WindowsApplication1.csproj", "{D8343490-1073-4020-9D50-123647BEBA2A}"
EndProject
Global
	GlobalSection(SolutionConfigurationPlatforms) = preSolution
		Debug|Any CPU = Debug|Any CPU
		Release|Any CPU = Release|Any CPU
	EndGlobalSection
	GlobalSection(ProjectConfigurationPlatforms) = postSolution
		{D8343490-1073-4020-9D50-123647BEBA2A}.Debug|Any CPU.ActiveCfg = Debug|Any CPU
		{D8343490-1073-4020-9D50-123647BEBA2A}.Debug|Any CPU.Build.0 = Debug|Any CPU
		{D8343490-1073-4020-9D50-123647BEBA2A}.Release|Any CPU.ActiveCfg = Release|Any CPU
		{D8343490-1073-4020-9D50-123647BEBA2A}.Release|Any CPU.Build.0 = Release|Any CPU
	EndGlobalSection
	GlobalSection(SolutionProperties) = preSolution
		HideSolutionNode = FALSE
	EndGlobalSection
EndGlobal
